
Microsoft Visual Studio Solution File, Format Version 12.00
# Visual Studio 15
VisualStudioVersion = 15.0.28307.902
MinimumVisualStudioVersion = 10.0.40219.1
Project("{FAE04EC0-301F-11D3-BF4B-00C04F79EFBC}") = "Mikado", "Mikado\Mikado.csproj", "{8A034CAB-9242-4495-B0B7-95B66528C399}"
EndProject
Project("{FAE04EC0-301F-11D3-BF4B-00C04F79EFBC}") = "MikadoTest", "MikadoTest\MikadoTest.csproj", "{EC27E6B9-01B6-4282-9A1D-A9D4205F4725}"
EndProject
Global
	GlobalSection(SolutionConfigurationPlatforms) = preSolution
		Debug|Any CPU = Debug|Any CPU
		Release|Any CPU = Release|Any CPU
	EndGlobalSection
	GlobalSection(ProjectConfigurationPlatforms) = postSolution
		{8A034CAB-9242-4495-B0B7-95B66528C399}.Debug|Any CPU.ActiveCfg = Debug|Any CPU
		{8A034CAB-9242-4495-B0B7-95B66528C399}.Debug|Any CPU.Build.0 = Debug|Any CPU
		{8A034CAB-9242-4495-B0B7-95B66528C399}.Release|Any CPU.ActiveCfg = Release|Any CPU
		{8A034CAB-9242-4495-B0B7-95B66528C399}.Release|Any CPU.Build.0 = Release|Any CPU
		{EC27E6B9-01B6-4282-9A1D-A9D4205F4725}.Debug|Any CPU.ActiveCfg = Debug|Any CPU
		{EC27E6B9-01B6-4282-9A1D-A9D4205F4725}.Debug|Any CPU.Build.0 = Debug|Any CPU
		{EC27E6B9-01B6-4282-9A1D-A9D4205F4725}.Release|Any CPU.ActiveCfg = Release|Any CPU
		{EC27E6B9-01B6-4282-9A1D-A9D4205F4725}.Release|Any CPU.Build.0 = Release|Any CPU
	EndGlobalSection
	GlobalSection(SolutionProperties) = preSolution
		HideSolutionNode = FALSE
	EndGlobalSection
	GlobalSection(ExtensibilityGlobals) = postSolution
		SolutionGuid = {610EC2F6-FF20-4D25-B7DC-238A91ED94D8}
	EndGlobalSection
EndGlobal
